
Microsoft Visual Studio Solution File, Format Version 12.00
# Visual Studio Version 17
VisualStudioVersion = 17.4.33213.308
MinimumVisualStudioVersion = 10.0.40219.1
Project("{FAE04EC0-301F-11D3-BF4B-00C04F79EFBC}") = "First_ASP_Project", "First_ASP_Project\First_ASP_Project.csproj", "{3D4E80AB-BFBD-4033-B923-8F53E23ACBA1}"
EndProject
Global
	GlobalSection(SolutionConfigurationPlatforms) = preSolution
		Debug|Any CPU = Debug|Any CPU
		Release|Any CPU = Release|Any CPU
	EndGlobalSection
	GlobalSection(ProjectConfigurationPlatforms) = postSolution
		{3D4E80AB-BFBD-4033-B923-8F53E23ACBA1}.Debug|Any CPU.ActiveCfg = Debug|Any CPU
		{3D4E80AB-BFBD-4033-B923-8F53E23ACBA1}.Debug|Any CPU.Build.0 = Debug|Any CPU
		{3D4E80AB-BFBD-4033-B923-8F53E23ACBA1}.Release|Any CPU.ActiveCfg = Release|Any CPU
		{3D4E80AB-BFBD-4033-B923-8F53E23ACBA1}.Release|Any CPU.Build.0 = Release|Any CPU
	EndGlobalSection
	GlobalSection(SolutionProperties) = preSolution
		HideSolutionNode = FALSE
	EndGlobalSection
	GlobalSection(ExtensibilityGlobals) = postSolution
		SolutionGuid = {D735248D-5E97-4264-8CC9-CE262B75CD2A}
	EndGlobalSection
EndGlobal
